// !$*UTF8*$!
{
	archiveVersion = 1;
	classes = {
	};
	objectVersion = 48;
	objects = {

/* Begin PBXBuildFile section */
		2856952C2065D52F00EF208C /* AppDelegate.swift in Sources */ = {isa = PBXBuildFile; fileRef = 2856952B2065D52F00EF208C /* AppDelegate.swift */; };
		2856952E2065D52F00EF208C /* ViewController.swift in Sources */ = {isa = PBXBuildFile; fileRef = 2856952D2065D52F00EF208C /* ViewController.swift */; };
		285695312065D52F00EF208C /* Main.storyboard in Resources */ = {isa = PBXBuildFile; fileRef = 2856952F2065D52F00EF208C /* Main.storyboard */; };
		285695332065D52F00EF208C /* Assets.xcassets in Resources */ = {isa = PBXBuildFile; fileRef = 285695322065D52F00EF208C /* Assets.xcassets */; };
		285695362065D52F00EF208C /* LaunchScreen.storyboard in Resources */ = {isa = PBXBuildFile; fileRef = 285695342065D52F00EF208C /* LaunchScreen.storyboard */; };
		288FF80E206DB2BC000932BA /* README.md in Resources */ = {isa = PBXBuildFile; fileRef = 288FF80D206DB2BC000932BA /* README.md */; };
		28BD25A8208EA804005FA3FB /* Utilities.swift in Sources */ = {isa = PBXBuildFile; fileRef = 28BD25A7208EA804005FA3FB /* Utilities.swift */; };
/* End PBXBuildFile section */

/* Begin PBXFileReference section */
		177A64375EDEE7E4932FD7AE /* SampleCode.xcconfig */ = {isa = PBXFileReference; name = SampleCode.xcconfig; path = Configuration/SampleCode.xcconfig; sourceTree = "<group>"; };
		285695282065D52E00EF208C /* VisionBasics.app */ = {isa = PBXFileReference; explicitFileType = wrapper.application; includeInIndex = 0; path = VisionBasics.app; sourceTree = BUILT_PRODUCTS_DIR; };
		2856952B2065D52F00EF208C /* AppDelegate.swift */ = {isa = PBXFileReference; lastKnownFileType = sourcecode.swift; path = AppDelegate.swift; sourceTree = "<group>"; };
		2856952D2065D52F00EF208C /* ViewController.swift */ = {isa = PBXFileReference; lastKnownFileType = sourcecode.swift; path = ViewController.swift; sourceTree = "<group>"; };
		285695302065D52F00EF208C /* Base */ = {isa = PBXFileReference; lastKnownFileType = file.storyboard; name = Base; path = Base.lproj/Main.storyboard; sourceTree = "<group>"; };
		285695322065D52F00EF208C /* Assets.xcassets */ = {isa = PBXFileReference; lastKnownFileType = folder.assetcatalog; path = Assets.xcassets; sourceTree = "<group>"; };
		285695352065D52F00EF208C /* Base */ = {isa = PBXFileReference; lastKnownFileType = file.storyboard; name = Base; path = Base.lproj/LaunchScreen.storyboard; sourceTree = "<group>"; };
		285695372065D52F00EF208C /* Info.plist */ = {isa = PBXFileReference; lastKnownFileType = text.plist.xml; path = Info.plist; sourceTree = "<group>"; };
		288FF80D206DB2BC000932BA /* README.md */ = {isa = PBXFileReference; fileEncoding = 4; lastKnownFileType = net.daringfireball.markdown; path = README.md; sourceTree = "<group>"; };
		28BD25A7208EA804005FA3FB /* Utilities.swift */ = {isa = PBXFileReference; lastKnownFileType = sourcecode.swift; path = Utilities.swift; sourceTree = "<group>"; };
		F6F4FAA1D02B495029E9667C /* LICENSE.txt */ = {isa = PBXFileReference; includeInIndex = 1; path = LICENSE.txt; sourceTree = "<group>"; };
/* End PBXFileReference section */

/* Begin PBXFrameworksBuildPhase section */
		285695252065D52E00EF208C /* Frameworks */ = {
			isa = PBXFrameworksBuildPhase;
			buildActionMask = 2147483647;
			files = (
			);
			runOnlyForDeploymentPostprocessing = 0;
		};
/* End PBXFrameworksBuildPhase section */

/* Begin PBXGroup section */
		2856951F2065D52E00EF208C = {
			isa = PBXGroup;
			children = (
				288FF80D206DB2BC000932BA /* README.md */,
				2856952A2065D52E00EF208C /* VisionBasics */,
				285695292065D52E00EF208C /* Products */,
				4D36693FE6EA6BB7BDF7131F /* Configuration */,
				E8B8E7B7C8E4561E32D7DB9C /* LICENSE */,
			);
			sourceTree = "<group>";
		};
		285695292065D52E00EF208C /* Products */ = {
			isa = PBXGroup;
			children = (
				285695282065D52E00EF208C /* VisionBasics.app */,
			);
			name = Products;
			sourceTree = "<group>";
		};
		2856952A2065D52E00EF208C /* VisionBasics */ = {
			isa = PBXGroup;
			children = (
				2856952B2065D52F00EF208C /* AppDelegate.swift */,
				28BD25A7208EA804005FA3FB /* Utilities.swift */,
				2856952D2065D52F00EF208C /* ViewController.swift */,
				2856952F2065D52F00EF208C /* Main.storyboard */,
				285695322065D52F00EF208C /* Assets.xcassets */,
				285695342065D52F00EF208C /* LaunchScreen.storyboard */,
				285695372065D52F00EF208C /* Info.plist */,
			);
			path = VisionBasics;
			sourceTree = "<group>";
		};
		4D36693FE6EA6BB7BDF7131F /* Configuration */ = {
			isa = PBXGroup;
			children = (
				177A64375EDEE7E4932FD7AE /* SampleCode.xcconfig */,
			);
			name = Configuration;
			sourceTree = "<group>";
		};
		E8B8E7B7C8E4561E32D7DB9C /* LICENSE */ = {
			isa = PBXGroup;
			children = (
				F6F4FAA1D02B495029E9667C /* LICENSE.txt */,
			);
			name = LICENSE;
			path = LICENSE;
			sourceTree = "<group>";
		};
/* End PBXGroup section */

/* Begin PBXNativeTarget section */
		285695272065D52E00EF208C /* VisionBasics */ = {
			isa = PBXNativeTarget;
			buildConfigurationList = 2856953A2065D52F00EF208C /* Build configuration list for PBXNativeTarget "VisionBasics" */;
			buildPhases = (
				285695242065D52E00EF208C /* Sources */,
				285695252065D52E00EF208C /* Frameworks */,
				285695262065D52E00EF208C /* Resources */,
			);
			buildRules = (
			);
			dependencies = (
			);
			name = VisionBasics;
			productName = VisionBasics;
			productReference = 285695282065D52E00EF208C /* VisionBasics.app */;
			productType = "com.apple.product-type.application";
		};
/* End PBXNativeTarget section */

/* Begin PBXProject section */
		285695202065D52E00EF208C /* Project object */ = {
			isa = PBXProject;
			attributes = {
				LastSwiftUpdateCheck = 0920;
				LastUpgradeCheck = 0930;
				ORGANIZATIONNAME = Apple;
				TargetAttributes = {
					285695272065D52E00EF208C = {
						CreatedOnToolsVersion = 9.2;
						LastSwiftMigration = 1140;
						ProvisioningStyle = Automatic;
					};
				};
			};
			buildConfigurationList = 285695232065D52E00EF208C /* Build configuration list for PBXProject "VisionBasics" */;
			compatibilityVersion = "Xcode 8.0";
			developmentRegion = en;
			hasScannedForEncodings = 0;
			knownRegions = (
				en,
				Base,
			);
			mainGroup = 2856951F2065D52E00EF208C;
			productRefGroup = 285695292065D52E00EF208C /* Products */;
			projectDirPath = "";
			projectRoot = "";
			targets = (
				285695272065D52E00EF208C /* VisionBasics */,
			);
		};
/* End PBXProject section */

/* Begin PBXResourcesBuildPhase section */
		285695262065D52E00EF208C /* Resources */ = {
			isa = PBXResourcesBuildPhase;
			buildActionMask = 2147483647;
			files = (
				285695362065D52F00EF208C /* LaunchScreen.storyboard in Resources */,
				285695332065D52F00EF208C /* Assets.xcassets in Resources */,
				288FF80E206DB2BC000932BA /* README.md in Resources */,
				285695312065D52F00EF208C /* Main.storyboard in Resources */,
			);
			runOnlyForDeploymentPostprocessing = 0;
		};
/* End PBXResourcesBuildPhase section */

/* Begin PBXSourcesBuildPhase section */
		285695242065D52E00EF208C /* Sources */ = {
			isa = PBXSourcesBuildPhase;
			buildActionMask = 2147483647;
			files = (
				28BD25A8208EA804005FA3FB /* Utilities.swift in Sources */,
				2856952E2065D52F00EF208C /* ViewController.swift in Sources */,
				2856952C2065D52F00EF208C /* AppDelegate.swift in Sources */,
			);
			runOnlyForDeploymentPostprocessing = 0;
		};
/* End PBXSourcesBuildPhase section */

/* Begin PBXVariantGroup section */
		2856952F2065D52F00EF208C /* Main.storyboard */ = {
			isa = PBXVariantGroup;
			children = (
				285695302065D52F00EF208C /* Base */,
			);
			name = Main.storyboard;
			sourceTree = "<group>";
		};
		285695342065D52F00EF208C /* LaunchScreen.storyboard */ = {
			isa = PBXVariantGroup;
			children = (
				285695352065D52F00EF208C /* Base */,
			);
			name = LaunchScreen.storyboard;
			sourceTree = "<group>";
		};
/* End PBXVariantGroup section */

/* Begin XCBuildConfiguration section */
		285695382065D52F00EF208C /* Debug */ = {
			isa = XCBuildConfiguration;
			baseConfigurationReference = 177A64375EDEE7E4932FD7AE /* SampleCode.xcconfig */;
			buildSettings = {
				ALWAYS_SEARCH_USER_PATHS = NO;
				CLANG_ANALYZER_NONNULL = YES;
				CLANG_ANALYZER_NUMBER_OBJECT_CONVERSION = YES_AGGRESSIVE;
				CLANG_CXX_LANGUAGE_STANDARD = "gnu++14";
				CLANG_CXX_LIBRARY = "libc++";
				CLANG_ENABLE_MODULES = YES;
				CLANG_ENABLE_OBJC_ARC = YES;
				CLANG_WARN_BLOCK_CAPTURE_AUTORELEASING = YES;
				CLANG_WARN_BOOL_CONVERSION = YES;
				CLANG_WARN_COMMA = YES;
				CLANG_WARN_CONSTANT_CONVERSION = YES;
				CLANG_WARN_DEPRECATED_OBJC_IMPLEMENTATIONS = YES;
				CLANG_WARN_DIRECT_OBJC_ISA_USAGE = YES_ERROR;
				CLANG_WARN_DOCUMENTATION_COMMENTS = YES;
				CLANG_WARN_EMPTY_BODY = YES;
				CLANG_WARN_ENUM_CONVERSION = YES;
				CLANG_WARN_INFINITE_RECURSION = YES;
				CLANG_WARN_INT_CONVERSION = YES;
				CLANG_WARN_NON_LITERAL_NULL_CONVERSION = YES;
				CLANG_WARN_OBJC_IMPLICIT_RETAIN_SELF = YES;
				CLANG_WARN_OBJC_LITERAL_CONVERSION = YES;
				CLANG_WARN_OBJC_ROOT_CLASS = YES_ERROR;
				CLANG_WARN_RANGE_LOOP_ANALYSIS = YES;
				CLANG_WARN_STRICT_PROTOTYPES = YES;
				CLANG_WARN_SUSPICIOUS_MOVE = YES;
				CLANG_WARN_UNGUARDED_AVAILABILITY = YES_AGGRESSIVE;
				CLANG_WARN_UNREACHABLE_CODE = YES;
				CLANG_WARN__DUPLICATE_METHOD_MATCH = YES;
				CODE_SIGN_IDENTITY = "iPhone Developer";
				COPY_PHASE_STRIP = NO;
				DEBUG_INFORMATION_FORMAT = dwarf;
				ENABLE_STRICT_OBJC_MSGSEND = YES;
				ENABLE_TESTABILITY = YES;
				GCC_C_LANGUAGE_STANDARD = gnu11;
				GCC_DYNAMIC_NO_PIC = NO;
				GCC_NO_COMMON_BLOCKS = YES;
				GCC_OPTIMIZATION_LEVEL = 0;
				GCC_PREPROCESSOR_DEFINITIONS = (
					"DEBUG=1",
					"$(inherited)",
				);
				GCC_WARN_64_TO_32_BIT_CONVERSION = YES;
				GCC_WARN_ABOUT_RETURN_TYPE = YES_ERROR;
				GCC_WARN_UNDECLARED_SELECTOR = YES;
				GCC_WARN_UNINITIALIZED_AUTOS = YES_AGGRESSIVE;
				GCC_WARN_UNUSED_FUNCTION = YES;
				GCC_WARN_UNUSED_VARIABLE = YES;
				IPHONEOS_DEPLOYMENT_TARGET = 11.3;
				MTL_ENABLE_DEBUG_INFO = YES;
				ONLY_ACTIVE_ARCH = YES;
				SDKROOT = iphoneos;
				SWIFT_ACTIVE_COMPILATION_CONDITIONS = DEBUG;
				SWIFT_OPTIMIZATION_LEVEL = "-Onone";
			};
			name = Debug;
		};
		285695392065D52F00EF208C /* Release */ = {
			isa = XCBuildConfiguration;
			baseConfigurationReference = 177A64375EDEE7E4932FD7AE /* SampleCode.xcconfig */;
			buildSettings = {
				ALWAYS_SEARCH_USER_PATHS = NO;
				CLANG_ANALYZER_NONNULL = YES;
				CLANG_ANALYZER_NUMBER_OBJECT_CONVERSION = YES_AGGRESSIVE;
				CLANG_CXX_LANGUAGE_STANDARD = "gnu++14";
				CLANG_CXX_LIBRARY = "libc++";
				CLANG_ENABLE_MODULES = YES;
				CLANG_ENABLE_OBJC_ARC = YES;
				CLANG_WARN_BLOCK_CAPTURE_AUTORELEASING = YES;
				CLANG_WARN_BOOL_CONVERSION = YES;
				CLANG_WARN_COMMA = YES;
				CLANG_WARN_CONSTANT_CONVERSION = YES;
				CLANG_WARN_DEPRECATED_OBJC_IMPLEMENTATIONS = YES;
				CLANG_WARN_DIRECT_OBJC_ISA_USAGE = YES_ERROR;
				CLANG_WARN_DOCUMENTATION_COMMENTS = YES;
				CLANG_WARN_EMPTY_BODY = YES;
				CLANG_WARN_ENUM_CONVERSION = YES;
				CLANG_WARN_INFINITE_RECURSION = YES;
				CLANG_WARN_INT_CONVERSION = YES;
				CLANG_WARN_NON_LITERAL_NULL_CONVERSION = YES;
				CLANG_WARN_OBJC_IMPLICIT_RETAIN_SELF = YES;
				CLANG_WARN_OBJC_LITERAL_CONVERSION = YES;
				CLANG_WARN_OBJC_ROOT_CLASS = YES_ERROR;
				CLANG_WARN_RANGE_LOOP_ANALYSIS = YES;
				CLANG_WARN_STRICT_PROTOTYPES = YES;
				CLANG_WARN_SUSPICIOUS_MOVE = YES;
				CLANG_WARN_UNGUARDED_AVAILABILITY = YES_AGGRESSIVE;
				CLANG_WARN_UNREACHABLE_CODE = YES;
				CLANG_WARN__DUPLICATE_METHOD_MATCH = YES;
				CODE_SIGN_IDENTITY = "iPhone Developer";
				COPY_PHASE_STRIP = NO;
				DEBUG_INFORMATION_FORMAT = "dwarf-with-dsym";
				ENABLE_NS_ASSERTIONS = NO;
				ENABLE_STRICT_OBJC_MSGSEND = YES;
				GCC_C_LANGUAGE_STANDARD = gnu11;
				GCC_NO_COMMON_BLOCKS = YES;
				GCC_WARN_64_TO_32_BIT_CONVERSION = YES;
				GCC_WARN_ABOUT_RETURN_TYPE = YES_ERROR;
				GCC_WARN_UNDECLARED_SELECTOR = YES;
				GCC_WARN_UNINITIALIZED_AUTOS = YES_AGGRESSIVE;
				GCC_WARN_UNUSED_FUNCTION = YES;
				GCC_WARN_UNUSED_VARIABLE = YES;
				IPHONEOS_DEPLOYMENT_TARGET = 11.3;
				MTL_ENABLE_DEBUG_INFO = NO;
				SDKROOT = iphoneos;
				SWIFT_OPTIMIZATION_LEVEL = "-Owholemodule";
				VALIDATE_PRODUCT = YES;
			};
			name = Release;
		};
		2856953B2065D52F00EF208C /* Debug */ = {
			isa = XCBuildConfiguration;
			baseConfigurationReference = 177A64375EDEE7E4932FD7AE /* SampleCode.xcconfig */;
			buildSettings = {
				ASSETCATALOG_COMPILER_APPICON_NAME = AppIcon;
				CODE_SIGN_STYLE = Automatic;
				DEVELOPMENT_TEAM = "";
				INFOPLIST_FILE = VisionBasics/Info.plist;
				LD_RUNPATH_SEARCH_PATHS = "$(inherited) @executable_path/Frameworks";
				PRODUCT_BUNDLE_IDENTIFIER = "com.example.apple-samplecode.VisionBasics${SAMPLE_CODE_DISAMBIGUATOR}";
				PRODUCT_NAME = "$(TARGET_NAME)";
				PROVISIONING_PROFILE_SPECIFIER = "";
				SWIFT_VERSION = 5.0;
				TARGETED_DEVICE_FAMILY = "1,2";
			};
			name = Debug;
		};
		2856953C2065D52F00EF208C /* Release */ = {
			isa = XCBuildConfiguration;
			baseConfigurationReference = 177A64375EDEE7E4932FD7AE /* SampleCode.xcconfig */;
			buildSettings = {
				ASSETCATALOG_COMPILER_APPICON_NAME = AppIcon;
				CODE_SIGN_STYLE = Automatic;
				DEVELOPMENT_TEAM = "";
				INFOPLIST_FILE = VisionBasics/Info.plist;
				LD_RUNPATH_SEARCH_PATHS = "$(inherited) @executable_path/Frameworks";
				PRODUCT_BUNDLE_IDENTIFIER = "com.example.apple-samplecode.VisionBasics${SAMPLE_CODE_DISAMBIGUATOR}";
				PRODUCT_NAME = "$(TARGET_NAME)";
				PROVISIONING_PROFILE_SPECIFIER = "";
				SWIFT_VERSION = 5.0;
				TARGETED_DEVICE_FAMILY = "1,2";
			};
			name = Release;
		};
/* End XCBuildConfiguration section */

/* Begin XCConfigurationList section */
		285695232065D52E00EF208C /* Build configuration list for PBXProject "VisionBasics" */ = {
			isa = XCConfigurationList;
			buildConfigurations = (
				285695382065D52F00EF208C /* Debug */,
				285695392065D52F00EF208C /* Release */,
			);
			defaultConfigurationIsVisible = 0;
			defaultConfigurationName = Release;
		};
		2856953A2065D52F00EF208C /* Build configuration list for PBXNativeTarget "VisionBasics" */ = {
			isa = XCConfigurationList;
			buildConfigurations = (
				2856953B2065D52F00EF208C /* Debug */,
				2856953C2065D52F00EF208C /* Release */,
			);
			defaultConfigurationIsVisible = 0;
			defaultConfigurationName = Release;
		};
/* End XCConfigurationList section */
	};
	rootObject = 285695202065D52E00EF208C /* Project object */;
}
